
Microsoft Visual Studio Solution File, Format Version 12.00
# Visual Studio Version 17
VisualStudioVersion = 17.11.35303.130
MinimumVisualStudioVersion = 10.0.40219.1
Project("{FAE04EC0-301F-11D3-BF4B-00C04F79EFBC}") = "Rental Car Assignment", "Rental Car Assignment\Rental Car Assignment.csproj", "{63A185B8-FC26-4358-9CB0-3EFAC3FB2924}"
EndProject
Global
	GlobalSection(SolutionConfigurationPlatforms) = preSolution
		Debug|Any CPU = Debug|Any CPU
		Release|Any CPU = Release|Any CPU
	EndGlobalSection
	GlobalSection(ProjectConfigurationPlatforms) = postSolution
		{63A185B8-FC26-4358-9CB0-3EFAC3FB2924}.Debug|Any CPU.ActiveCfg = Debug|Any CPU
		{63A185B8-FC26-4358-9CB0-3EFAC3FB2924}.Debug|Any CPU.Build.0 = Debug|Any CPU
		{63A185B8-FC26-4358-9CB0-3EFAC3FB2924}.Release|Any CPU.ActiveCfg = Release|Any CPU
		{63A185B8-FC26-4358-9CB0-3EFAC3FB2924}.Release|Any CPU.Build.0 = Release|Any CPU
	EndGlobalSection
	GlobalSection(SolutionProperties) = preSolution
		HideSolutionNode = FALSE
	EndGlobalSection
	GlobalSection(ExtensibilityGlobals) = postSolution
		SolutionGuid = {1EFF2539-3ED8-46C4-9058-4B706BC651A3}
	EndGlobalSection
EndGlobal
